
Microsoft Visual Studio Solution File, Format Version 12.00
# Visual Studio 15
VisualStudioVersion = 15.0.28307.168
MinimumVisualStudioVersion = 10.0.40219.1
Project("{9A19103F-16F7-4668-BE54-9A1E7A4F7556}") = "TaxiAIBot", "TaxiAIBot\TaxiAIBot.csproj", "{AE537006-9B4A-4457-86F9-8019FBF518C6}"
EndProject
Project("{FAE04EC0-301F-11D3-BF4B-00C04F79EFBC}") = "TaxiAIBot.Test", "TaxiAIBot.Test\TaxiAIBot.Test.csproj", "{9748D4CD-F9F2-413D-A98E-DD607DBCF1F8}"
EndProject
Global
	GlobalSection(SolutionConfigurationPlatforms) = preSolution
		Debug|Any CPU = Debug|Any CPU
		Release|Any CPU = Release|Any CPU
	EndGlobalSection
	GlobalSection(ProjectConfigurationPlatforms) = postSolution
		{AE537006-9B4A-4457-86F9-8019FBF518C6}.Debug|Any CPU.ActiveCfg = Debug|Any CPU
		{AE537006-9B4A-4457-86F9-8019FBF518C6}.Debug|Any CPU.Build.0 = Debug|Any CPU
		{AE537006-9B4A-4457-86F9-8019FBF518C6}.Release|Any CPU.ActiveCfg = Release|Any CPU
		{AE537006-9B4A-4457-86F9-8019FBF518C6}.Release|Any CPU.Build.0 = Release|Any CPU
		{9748D4CD-F9F2-413D-A98E-DD607DBCF1F8}.Debug|Any CPU.ActiveCfg = Debug|Any CPU
		{9748D4CD-F9F2-413D-A98E-DD607DBCF1F8}.Debug|Any CPU.Build.0 = Debug|Any CPU
		{9748D4CD-F9F2-413D-A98E-DD607DBCF1F8}.Release|Any CPU.ActiveCfg = Release|Any CPU
		{9748D4CD-F9F2-413D-A98E-DD607DBCF1F8}.Release|Any CPU.Build.0 = Release|Any CPU
	EndGlobalSection
	GlobalSection(SolutionProperties) = preSolution
		HideSolutionNode = FALSE
	EndGlobalSection
	GlobalSection(ExtensibilityGlobals) = postSolution
		SolutionGuid = {8B4ED32A-0564-4CD7-AC19-2A15C42E0D53}
	EndGlobalSection
EndGlobal
